version: 6
environments:
  build-pypi:
    channels:
    - url: https://conda.anaconda.org/conda-forge/
    indexes:
    - https://pypi.org/simple
    packages:
      linux-64:
      - conda: https://conda.anaconda.org/conda-forge/linux-64/_libgcc_mutex-0.1-conda_forge.tar.bz2
      - pypi: https://files.pythonhosted.org/packages/f0/89/b1ae45689abecca777f95462781a76e67ff46b55495a481ec5a73a739994/Cython-3.0.11-cp310-cp310-manylinux_2_17_x86_64.manylinux2014_x86_64.whl
      - pypi: direct+https://github.com/explosion/spacy-models/releases/download/en_core_web_md-3.2.0/en_core_web_md-3.2.0-py3-none-any.whl
      - pypi: https://files.pythonhosted.org/packages/72/84/9f71369fc868dc963ddf51d1bfd8853a9793a37a21c9081a433f6e81d56a/interlap-0.2.7.tar.gz
      - pypi: https://files.pythonhosted.org/packages/eb/d5/c68b1d2cdfcc59e72e8a5949a37ddb22ae6cade80cd4a57a84d4c8b55472/nvidia_cuda_runtime_cu12-12.1.105-py3-none-manylinux1_x86_64.whl
      osx-64:
      - conda: https://conda.anaconda.org/conda-forge/osx-64/bzip2-1.0.8-hfdf4475_7.conda
      - pypi: https://files.pythonhosted.org/packages/41/8b/b61978aa36de134d1056c55c2efe818042df68aff211b91fa5b1b9ae3f85/blis-0.7.11-cp310-cp310-macosx_10_9_x86_64.whl
